
Microsoft Visual Studio Solution File, Format Version 12.00
# Visual Studio 15
VisualStudioVersion = 15.0.27703.2018
MinimumVisualStudioVersion = 10.0.40219.1
Project("{FAE04EC0-301F-11D3-BF4B-00C04F79EFBC}") = "App1MobileCPF.Android", "App1MobileCPF\App1MobileCPF.Android\App1MobileCPF.Android.csproj", "{B3664637-4C9C-4C52-A199-A973CD7D4728}"
EndProject
Project("{FAE04EC0-301F-11D3-BF4B-00C04F79EFBC}") = "App1MobileCPF.iOS", "App1MobileCPF\App1MobileCPF.iOS\App1MobileCPF.iOS.csproj", "{FBD5C783-91A8-4AEF-AFBB-85BA30EA76B6}"
EndProject
Project("{FAE04EC0-301F-11D3-BF4B-00C04F79EFBC}") = "App1MobileCPF.UWP", "App1MobileCPF\App1MobileCPF.UWP\App1MobileCPF.UWP.csproj", "{52442E83-680F-4F0A-8299-DBC3A75F121D}"
EndProject
Project("{FAE04EC0-301F-11D3-BF4B-00C04F79EFBC}") = "App1MobileCPF", "App1MobileCPF\App1MobileCPF\App1MobileCPF.csproj", "{23546B7D-9330-45F6-822F-4622550D4010}"
EndProject
Global
	GlobalSection(SolutionConfigurationPlatforms) = preSolution
		Ad-Hoc|Any CPU = Ad-Hoc|Any CPU
		Ad-Hoc|ARM = Ad-Hoc|ARM
		Ad-Hoc|iPhone = Ad-Hoc|iPhone
		Ad-Hoc|iPhoneSimulator = Ad-Hoc|iPhoneSimulator
		Ad-Hoc|x64 = Ad-Hoc|x64
		Ad-Hoc|x86 = Ad-Hoc|x86
		AppStore|Any CPU = AppStore|Any CPU
		AppStore|ARM = AppStore|ARM
		AppStore|iPhone = AppStore|iPhone
		AppStore|iPhoneSimulator = AppStore|iPhoneSimulator
		AppStore|x64 = AppStore|x64
		AppStore|x86 = AppStore|x86
		Debug|Any CPU = Debug|Any CPU
		Debug|ARM = Debug|ARM
		Debug|iPhone = Debug|iPhone
		Debug|iPhoneSimulator = Debug|iPhoneSimulator
		Debug|x64 = Debug|x64
		Debug|x86 = Debug|x86
		Release|Any CPU = Release|Any CPU
		Release|ARM = Release|ARM
		Release|iPhone = Release|iPhone
		Release|iPhoneSimulator = Release|iPhoneSimulator
		Release|x64 = Release|x64
		Release|x86 = Release|x86
	EndGlobalSection
	GlobalSection(ProjectConfigurationPlatforms) = postSolution
		{B3664637-4C9C-4C52-A199-A973CD7D4728}.Ad-Hoc|Any CPU.ActiveCfg = Release|Any CPU
		{B3664637-4C9C-4C52-A199-A973CD7D4728}.Ad-Hoc|Any CPU.Build.0 = Release|Any CPU
		{B3664637-4C9C-4C52-A199-A973CD7D4728}.Ad-Hoc|Any CPU.Deploy.0 = Release|Any CPU
		{B3664637-4C9C-4C52-A199-A973CD7D4728}.Ad-Hoc|ARM.ActiveCfg = Release|Any CPU
		{B3664637-4C9C-4C52-A199-A973CD7D4728}.Ad-Hoc|ARM.Build.0 = Release|Any CPU
		{B3664637-4C9C-4C52-A199-A973CD7D4728}.Ad-Hoc|ARM.Deploy.0 = Release|Any CPU
		{B3664637-4C9C-4C52-A199-A973CD7D4728}.Ad-Hoc|iPhone.ActiveCfg = Release|Any CPU
		{B3664637-4C9C-4C52-A199-A973CD7D4728}.Ad-Hoc|iPhone.Build.0 = Release|Any CPU
		{B3664637-4C9C-4C52-A199-A973CD7D4728}.Ad-Hoc|iPhone.Deploy.0 = Release|Any CPU
		{B3664637-4C9C-4C52-A199-A973CD7D4728}.Ad-Hoc|iPhoneSimulator.ActiveCfg = Release|Any CPU
		{B3664637-4C9C-4C52-A199-A973CD7D4728}.Ad-Hoc|iPhoneSimulator.Build.0 = Release|Any CPU
		{B3664637-4C9C-4C52-A199-A973CD7D4728}.Ad-Hoc|iPhoneSimulator.Deploy.0 = Release|Any CPU
		{B3664637-4C9C-4C52-A199-A973CD7D4728}.Ad-Hoc|x64.ActiveCfg = Release|Any CPU
		{B3664637-4C9C-4C52-A199-A973CD7D4728}.Ad-Hoc|x64.Build.0 = Release|Any CPU
		{B3664637-4C9C-4C52-A199-A973CD7D4728}.Ad-Hoc|x64.Deploy.0 = Release|Any CPU
		{B3664637-4C9C-4C52-A199-A973CD7D4728}.Ad-Hoc|x86.ActiveCfg = Release|Any CPU
		{B3664637-4C9C-4C52-A199-A973CD7D4728}.Ad-Hoc|x86.Build.0 = Release|Any CPU
		{B3664637-4C9C-4C52-A199-A973CD7D4728}.Ad-Hoc|x86.Deploy.0 = Release|Any CPU
		{B3664637-4C9C-4C52-A199-A973CD7D4728}.AppStore|Any CPU.ActiveCfg = Release|Any CPU
		{B3664637-4C9C-4C52-A199-A973CD7D4728}.AppStore|Any CPU.Build.0 = Release|Any CPU
		{B3664637-4C9C-4C52-A199-A973CD7D4728}.AppStore|Any CPU.Deploy.0 = Release|Any CPU
		{B3664637-4C9C-4C52-A199-A973CD7D4728}.AppStore|ARM.ActiveCfg = Release|Any CPU
		{B3664637-4C9C-4C52-A199-A973CD7D4728}.AppStore|ARM.Build.0 = Release|Any CPU
		{B3664637-4C9C-4C52-A199-A973CD7D4728}.AppStore|ARM.Deploy.0 = Release|Any CPU
		{B3664637-4C9C-4C52-A199-A973CD7D4728}.AppStore|iPhone.ActiveCfg = Release|Any CPU
		{B3664637-4C9C-4C52-A199-A973CD7D4728}.AppStore|iPhone.Build.0 = Release|Any CPU
		{B3664637-4C9C-4C52-A199-A973CD7D4728}.AppStore|iPhone.Deploy.0 = Release|Any CPU
		{B3664637-4C9C-4C52-A199-A973CD7D4728}.AppStore|iPhoneSimulator.ActiveCfg = Release|Any CPU
		{B3664637-4C9C-4C52-A199-A973CD7D4728}.AppStore|iPhoneSimulator.Build.0 = Release|Any CPU
		{B3664637-4C9C-4C52-A199-A973CD7D4728}.AppStore|iPhoneSimulator.Deploy.0 = Release|Any CPU
		{B3664637-4C9C-4C52-A199-A973CD7D4728}.AppStore|x64.ActiveCfg = Release|Any CPU
		{B3664637-4C9C-4C52-A199-A973CD7D4728}.AppStore|x64.Build.0 = Release|Any CPU
		{B3664637-4C9C-4C52-A199-A973CD7D4728}.AppStore|x64.Deploy.0 = Release|Any CPU
		{B3664637-4C9C-4C52-A199-A973CD7D4728}.AppStore|x86.ActiveCfg = Release|Any CPU
		{B3664637-4C9C-4C52-A199-A973CD7D4728}.AppStore|x86.Build.0 = Release|Any CPU
		{B3664637-4C9C-4C52-A199-A973CD7D4728}.AppStore|x86.Deploy.0 = Release|Any CPU
		{B3664637-4C9C-4C52-A199-A973CD7D4728}.Debug|Any CPU.ActiveCfg = Debug|Any CPU
		{B3664637-4C9C-4C52-A199-A973CD7D4728}.Debug|Any CPU.Build.0 = Debug|Any CPU
		{B3664637-4C9C-4C52-A199-A973CD7D4728}.Debug|Any CPU.Deploy.0 = Debug|Any CPU
		{B3664637-4C9C-4C52-A199-A973CD7D4728}.Debug|ARM.ActiveCfg = Debug|Any CPU
		{B3664637-4C9C-4C52-A199-A973CD7D4728}.Debug|ARM.Build.0 = Debug|Any CPU
		{B3664637-4C9C-4C52-A199-A973CD7D4728}.Debug|ARM.Deploy.0 = Debug|Any CPU
		{B3664637-4C9C-4C52-A199-A973CD7D4728}.Debug|iPhone.ActiveCfg = Debug|Any CPU
		{B3664637-4C9C-4C52-A199-A973CD7D4728}.Debug|iPhone.Build.0 = Debug|Any CPU
		{B3664637-4C9C-4C52-A199-A973CD7D4728}.Debug|iPhone.Deploy.0 = Debug|Any CPU
		{B3664637-4C9C-4C52-A199-A973CD7D4728}.Debug|iPhoneSimulator.ActiveCfg = Debug|Any CPU
		{B3664637-4C9C-4C52-A199-A973CD7D4728}.Debug|iPhoneSimulator.Build.0 = Debug|Any CPU
		{B3664637-4C9C-4C52-A199-A973CD7D4728}.Debug|iPhoneSimulator.Deploy.0 = Debug|Any CPU
		{B3664637-4C9C-4C52-A199-A973CD7D4728}.Debug|x64.ActiveCfg = Debug|Any CPU
		{B3664637-4C9C-4C52-A199-A973CD7D4728}.Debug|x64.Build.0 = Debug|Any CPU
		{B3664637-4C9C-4C52-A199-A973CD7D4728}.Debug|x64.Deploy.0 = Debug|Any CPU
		{B3664637-4C9C-4C52-A199-A973CD7D4728}.Debug|x86.ActiveCfg = Debug|Any CPU
		{B3664637-4C9C-4C52-A199-A973CD7D4728}.Debug|x86.Build.0 = Debug|Any CPU
		{B3664637-4C9C-4C52-A199-A973CD7D4728}.Debug|x86.Deploy.0 = Debug|Any CPU
		{B3664637-4C9C-4C52-A199-A973CD7D4728}.Release|Any CPU.ActiveCfg = Release|Any CPU
		{B3664637-4C9C-4C52-A199-A973CD7D4728}.Release|Any CPU.Build.0 = Release|Any CPU
		{B3664637-4C9C-4C52-A199-A973CD7D4728}.Release|Any CPU.Deploy.0 = Release|Any CPU
		{B3664637-4C9C-4C52-A199-A973CD7D4728}.Release|ARM.ActiveCfg = Release|Any CPU
		{B3664637-4C9C-4C52-A199-A973CD7D4728}.Release|ARM.Build.0 = Release|Any CPU
		{B3664637-4C9C-4C52-A199-A973CD7D4728}.Release|ARM.Deploy.0 = Release|Any CPU
		{B3664637-4C9C-4C52-A199-A973CD7D4728}.Release|iPhone.ActiveCfg = Release|Any CPU
		{B3664637-4C9C-4C52-A199-A973CD7D4728}.Release|iPhone.Build.0 = Release|Any CPU
		{B3664637-4C9C-4C52-A199-A973CD7D4728}.Release|iPhone.Deploy.0 = Release|Any CPU
		{B3664637-4C9C-4C52-A199-A973CD7D4728}.Release|iPhoneSimulator.ActiveCfg = Release|Any CPU
		{B3664637-4C9C-4C52-A199-A973CD7D4728}.Release|iPhoneSimulator.Build.0 = Release|Any CPU
		{B3664637-4C9C-4C52-A199-A973CD7D4728}.Release|iPhoneSimulator.Deploy.0 = Release|Any CPU
		{B3664637-4C9C-4C52-A199-A973CD7D4728}.Release|x64.ActiveCfg = Release|Any CPU
		{B3664637-4C9C-4C52-A199-A973CD7D4728}.Release|x64.Build.0 = Release|Any CPU
		{B3664637-4C9C-4C52-A199-A973CD7D4728}.Release|x64.Deploy.0 = Release|Any CPU
		{B3664637-4C9C-4C52-A199-A973CD7D4728}.Release|x86.ActiveCfg = Release|Any CPU
		{B3664637-4C9C-4C52-A199-A973CD7D4728}.Release|x86.Build.0 = Release|Any CPU
		{B3664637-4C9C-4C52-A199-A973CD7D4728}.Release|x86.Deploy.0 = Release|Any CPU
		{FBD5C783-91A8-4AEF-AFBB-85BA30EA76B6}.Ad-Hoc|Any CPU.ActiveCfg = Ad-Hoc|iPhone
		{FBD5C783-91A8-4AEF-AFBB-85BA30EA76B6}.Ad-Hoc|Any CPU.Build.0 = Ad-Hoc|iPhone
		{FBD5C783-91A8-4AEF-AFBB-85BA30EA76B6}.Ad-Hoc|Any CPU.Deploy.0 = Ad-Hoc|iPhone
		{FBD5C783-91A8-4AEF-AFBB-85BA30EA76B6}.Ad-Hoc|ARM.ActiveCfg = Ad-Hoc|iPhone
		{FBD5C783-91A8-4AEF-AFBB-85BA30EA76B6}.Ad-Hoc|ARM.Build.0 = Ad-Hoc|iPhone
		{FBD5C783-91A8-4AEF-AFBB-85BA30EA76B6}.Ad-Hoc|ARM.Deploy.0 = Ad-Hoc|iPhone
		{FBD5C783-91A8-4AEF-AFBB-85BA30EA76B6}.Ad-Hoc|iPhone.ActiveCfg = Ad-Hoc|iPhone
		{FBD5C783-91A8-4AEF-AFBB-85BA30EA76B6}.Ad-Hoc|iPhone.Build.0 = Ad-Hoc|iPhone
		{FBD5C783-91A8-4AEF-AFBB-85BA30EA76B6}.Ad-Hoc|iPhone.Deploy.0 = Ad-Hoc|iPhone
		{FBD5C783-91A8-4AEF-AFBB-85BA30EA76B6}.Ad-Hoc|iPhoneSimulator.ActiveCfg = Ad-Hoc|iPhoneSimulator
		{FBD5C783-91A8-4AEF-AFBB-85BA30EA76B6}.Ad-Hoc|iPhoneSimulator.Build.0 = Ad-Hoc|iPhoneSimulator
		{FBD5C783-91A8-4AEF-AFBB-85BA30EA76B6}.Ad-Hoc|iPhoneSimulator.Deploy.0 = Ad-Hoc|iPhoneSimulator
		{FBD5C783-91A8-4AEF-AFBB-85BA30EA76B6}.Ad-Hoc|x64.ActiveCfg = Ad-Hoc|iPhone
		{FBD5C783-91A8-4AEF-AFBB-85BA30EA76B6}.Ad-Hoc|x64.Build.0 = Ad-Hoc|iPhone
		{FBD5C783-91A8-4AEF-AFBB-85BA30EA76B6}.Ad-Hoc|x64.Deploy.0 = Ad-Hoc|iPhone
		{FBD5C783-91A8-4AEF-AFBB-85BA30EA76B6}.Ad-Hoc|x86.ActiveCfg = Ad-Hoc|iPhone
		{FBD5C783-91A8-4AEF-AFBB-85BA30EA76B6}.Ad-Hoc|x86.Build.0 = Ad-Hoc|iPhone
		{FBD5C783-91A8-4AEF-AFBB-85BA30EA76B6}.Ad-Hoc|x86.Deploy.0 = Ad-Hoc|iPhone
		{FBD5C783-91A8-4AEF-AFBB-85BA30EA76B6}.AppStore|Any CPU.ActiveCfg = AppStore|iPhone
		{FBD5C783-91A8-4AEF-AFBB-85BA30EA76B6}.AppStore|Any CPU.Build.0 = AppStore|iPhone
		{FBD5C783-91A8-4AEF-AFBB-85BA30EA76B6}.AppStore|Any CPU.Deploy.0 = AppStore|iPhone
		{FBD5C783-91A8-4AEF-AFBB-85BA30EA76B6}.AppStore|ARM.ActiveCfg = AppStore|iPhone
		{FBD5C783-91A8-4AEF-AFBB-85BA30EA76B6}.AppStore|ARM.Build.0 = AppStore|iPhone
		{FBD5C783-91A8-4AEF-AFBB-85BA30EA76B6}.AppStore|ARM.Deploy.0 = AppStore|iPhone
		{FBD5C783-91A8-4AEF-AFBB-85BA30EA76B6}.AppStore|iPhone.ActiveCfg = AppStore|iPhone
		{FBD5C783-91A8-4AEF-AFBB-85BA30EA76B6}.AppStore|iPhone.Build.0 = AppStore|iPhone
		{FBD5C783-91A8-4AEF-AFBB-85BA30EA76B6}.AppStore|iPhone.Deploy.0 = AppStore|iPhone
		{FBD5C783-91A8-4AEF-AFBB-85BA30EA76B6}.AppStore|iPhoneSimulator.ActiveCfg = AppStore|iPhoneSimulator
		{FBD5C783-91A8-4AEF-AFBB-85BA30EA76B6}.AppStore|iPhoneSimulator.Build.0 = AppStore|iPhoneSimulator
		{FBD5C783-91A8-4AEF-AFBB-85BA30EA76B6}.AppStore|iPhoneSimulator.Deploy.0 = AppStore|iPhoneSimulator
		{FBD5C783-91A8-4AEF-AFBB-85BA30EA76B6}.AppStore|x64.ActiveCfg = AppStore|iPhone
		{FBD5C783-91A8-4AEF-AFBB-85BA30EA76B6}.AppStore|x64.Build.0 = AppStore|iPhone
		{FBD5C783-91A8-4AEF-AFBB-85BA30EA76B6}.AppStore|x64.Deploy.0 = AppStore|iPhone
		{FBD5C783-91A8-4AEF-AFBB-85BA30EA76B6}.AppStore|x86.ActiveCfg = AppStore|iPhone
		{FBD5C783-91A8-4AEF-AFBB-85BA30EA76B6}.AppStore|x86.Build.0 = AppStore|iPhone
		{FBD5C783-91A8-4AEF-AFBB-85BA30EA76B6}.AppStore|x86.Deploy.0 = AppStore|iPhone
		{FBD5C783-91A8-4AEF-AFBB-85BA30EA76B6}.Debug|Any CPU.ActiveCfg = Debug|iPhoneSimulator
		{FBD5C783-91A8-4AEF-AFBB-85BA30EA76B6}.Debug|Any CPU.Build.0 = Debug|iPhoneSimulator
		{FBD5C783-91A8-4AEF-AFBB-85BA30EA76B6}.Debug|Any CPU.Deploy.0 = Debug|iPhoneSimulator
		{FBD5C783-91A8-4AEF-AFBB-85BA30EA76B6}.Debug|ARM.ActiveCfg = Debug|iPhone
		{FBD5C783-91A8-4AEF-AFBB-85BA30EA76B6}.Debug|ARM.Build.0 = Debug|iPhone
		{FBD5C783-91A8-4AEF-AFBB-85BA30EA76B6}.Debug|ARM.Deploy.0 = Debug|iPhone
		{FBD5C783-91A8-4AEF-AFBB-85BA30EA76B6}.Debug|iPhone.ActiveCfg = Debug|iPhone
		{FBD5C783-91A8-4AEF-AFBB-85BA30EA76B6}.Debug|iPhone.Build.0 = Debug|iPhone
		{FBD5C783-91A8-4AEF-AFBB-85BA30EA76B6}.Debug|iPhone.Deploy.0 = Debug|iPhone
		{FBD5C783-91A8-4AEF-AFBB-85BA30EA76B6}.Debug|iPhoneSimulator.ActiveCfg = Debug|iPhoneSimulator
		{FBD5C783-91A8-4AEF-AFBB-85BA30EA76B6}.Debug|iPhoneSimulator.Build.0 = Debug|iPhoneSimulator
		{FBD5C783-91A8-4AEF-AFBB-85BA30EA76B6}.Debug|iPhoneSimulator.Deploy.0 = Debug|iPhoneSimulator
		{FBD5C783-91A8-4AEF-AFBB-85BA30EA76B6}.Debug|x64.ActiveCfg = Debug|iPhone
		{FBD5C783-91A8-4AEF-AFBB-85BA30EA76B6}.Debug|x64.Build.0 = Debug|iPhone
		{FBD5C783-91A8-4AEF-AFBB-85BA30EA76B6}.Debug|x64.Deploy.0 = Debug|iPhone
		{FBD5C783-91A8-4AEF-AFBB-85BA30EA76B6}.Debug|x86.ActiveCfg = Debug|iPhone
		{FBD5C783-91A8-4AEF-AFBB-85BA30EA76B6}.Debug|x86.Build.0 = Debug|iPhone
		{FBD5C783-91A8-4AEF-AFBB-85BA30EA76B6}.Debug|x86.Deploy.0 = Debug|iPhone
		{FBD5C783-91A8-4AEF-AFBB-85BA30EA76B6}.Release|Any CPU.ActiveCfg = Release|iPhone
		{FBD5C783-91A8-4AEF-AFBB-85BA30EA76B6}.Release|Any CPU.Build.0 = Release|iPhone
		{FBD5C783-91A8-4AEF-AFBB-85BA30EA76B6}.Release|Any CPU.Deploy.0 = Release|iPhone
		{FBD5C783-91A8-4AEF-AFBB-85BA30EA76B6}.Release|ARM.ActiveCfg = Release|iPhone
		{FBD5C783-91A8-4AEF-AFBB-85BA30EA76B6}.Release|ARM.Build.0 = Release|iPhone
		{FBD5C783-91A8-4AEF-AFBB-85BA30EA76B6}.Release|ARM.Deploy.0 = Release|iPhone
		{FBD5C783-91A8-4AEF-AFBB-85BA30EA76B6}.Release|iPhone.ActiveCfg = Release|iPhone
		{FBD5C783-91A8-4AEF-AFBB-85BA30EA76B6}.Release|iPhone.Build.0 = Release|iPhone
		{FBD5C783-91A8-4AEF-AFBB-85BA30EA76B6}.Release|iPhone.Deploy.0 = Release|iPhone
		{FBD5C783-91A8-4AEF-AFBB-85BA30EA76B6}.Release|iPhoneSimulator.ActiveCfg = Release|iPhoneSimulator
		{FBD5C783-91A8-4AEF-AFBB-85BA30EA76B6}.Release|iPhoneSimulator.Build.0 = Release|iPhoneSimulator
		{FBD5C783-91A8-4AEF-AFBB-85BA30EA76B6}.Release|iPhoneSimulator.Deploy.0 = Release|iPhoneSimulator
		{FBD5C783-91A8-4AEF-AFBB-85BA30EA76B6}.Release|x64.ActiveCfg = Release|iPhone
		{FBD5C783-91A8-4AEF-AFBB-85BA30EA76B6}.Release|x64.Build.0 = Release|iPhone
		{FBD5C783-91A8-4AEF-AFBB-85BA30EA76B6}.Release|x64.Deploy.0 = Release|iPhone
		{FBD5C783-91A8-4AEF-AFBB-85BA30EA76B6}.Release|x86.ActiveCfg = Release|iPhone
		{FBD5C783-91A8-4AEF-AFBB-85BA30EA76B6}.Release|x86.Build.0 = Release|iPhone
		{FBD5C783-91A8-4AEF-AFBB-85BA30EA76B6}.Release|x86.Deploy.0 = Release|iPhone
		{52442E83-680F-4F0A-8299-DBC3A75F121D}.Ad-Hoc|Any CPU.ActiveCfg = Release|x86
		{52442E83-680F-4F0A-8299-DBC3A75F121D}.Ad-Hoc|Any CPU.Build.0 = Release|x86
		{52442E83-680F-4F0A-8299-DBC3A75F121D}.Ad-Hoc|Any CPU.Deploy.0 = Release|x86
		{52442E83-680F-4F0A-8299-DBC3A75F121D}.Ad-Hoc|ARM.ActiveCfg = Release|ARM
		{52442E83-680F-4F0A-8299-DBC3A75F121D}.Ad-Hoc|ARM.Build.0 = Release|ARM
		{52442E83-680F-4F0A-8299-DBC3A75F121D}.Ad-Hoc|ARM.Deploy.0 = Release|ARM
		{52442E83-680F-4F0A-8299-DBC3A75F121D}.Ad-Hoc|iPhone.ActiveCfg = Release|x86
		{52442E83-680F-4F0A-8299-DBC3A75F121D}.Ad-Hoc|iPhone.Build.0 = Release|x86
		{52442E83-680F-4F0A-8299-DBC3A75F121D}.Ad-Hoc|iPhone.Deploy.0 = Release|x86
		{52442E83-680F-4F0A-8299-DBC3A75F121D}.Ad-Hoc|iPhoneSimulator.ActiveCfg = Release|x86
		{52442E83-680F-4F0A-8299-DBC3A75F121D}.Ad-Hoc|iPhoneSimulator.Build.0 = Release|x86
		{52442E83-680F-4F0A-8299-DBC3A75F121D}.Ad-Hoc|iPhoneSimulator.Deploy.0 = Release|x86
		{52442E83-680F-4F0A-8299-DBC3A75F121D}.Ad-Hoc|x64.ActiveCfg = Release|x64
		{52442E83-680F-4F0A-8299-DBC3A75F121D}.Ad-Hoc|x64.Build.0 = Release|x64
		{52442E83-680F-4F0A-8299-DBC3A75F121D}.Ad-Hoc|x64.Deploy.0 = Release|x64
		{52442E83-680F-4F0A-8299-DBC3A75F121D}.Ad-Hoc|x86.ActiveCfg = Release|x86
		{52442E83-680F-4F0A-8299-DBC3A75F121D}.Ad-Hoc|x86.Build.0 = Release|x86
		{52442E83-680F-4F0A-8299-DBC3A75F121D}.Ad-Hoc|x86.Deploy.0 = Release|x86
		{52442E83-680F-4F0A-8299-DBC3A75F121D}.AppStore|Any CPU.ActiveCfg = Release|x86
		{52442E83-680F-4F0A-8299-DBC3A75F121D}.AppStore|Any CPU.Build.0 = Release|x86
		{52442E83-680F-4F0A-8299-DBC3A75F121D}.AppStore|Any CPU.Deploy.0 = Release|x86
		{52442E83-680F-4F0A-8299-DBC3A75F121D}.AppStore|ARM.ActiveCfg = Release|ARM
		{52442E83-680F-4F0A-8299-DBC3A75F121D}.AppStore|ARM.Build.0 = Release|ARM
		{52442E83-680F-4F0A-8299-DBC3A75F121D}.AppStore|ARM.Deploy.0 = Release|ARM
		{52442E83-680F-4F0A-8299-DBC3A75F121D}.AppStore|iPhone.ActiveCfg = Release|x86
		{52442E83-680F-4F0A-8299-DBC3A75F121D}.AppStore|iPhone.Build.0 = Release|x86
		{52442E83-680F-4F0A-8299-DBC3A75F121D}.AppStore|iPhone.Deploy.0 = Release|x86
		{52442E83-680F-4F0A-8299-DBC3A75F121D}.AppStore|iPhoneSimulator.ActiveCfg = Release|x86
		{52442E83-680F-4F0A-8299-DBC3A75F121D}.AppStore|iPhoneSimulator.Build.0 = Release|x86
		{52442E83-680F-4F0A-8299-DBC3A75F121D}.AppStore|iPhoneSimulator.Deploy.0 = Release|x86
		{52442E83-680F-4F0A-8299-DBC3A75F121D}.AppStore|x64.ActiveCfg = Release|x64
		{52442E83-680F-4F0A-8299-DBC3A75F121D}.AppStore|x64.Build.0 = Release|x64
		{52442E83-680F-4F0A-8299-DBC3A75F121D}.AppStore|x64.Deploy.0 = Release|x64
		{52442E83-680F-4F0A-8299-DBC3A75F121D}.AppStore|x86.ActiveCfg = Release|x86
		{52442E83-680F-4F0A-8299-DBC3A75F121D}.AppStore|x86.Build.0 = Release|x86
		{52442E83-680F-4F0A-8299-DBC3A75F121D}.AppStore|x86.Deploy.0 = Release|x86
		{52442E83-680F-4F0A-8299-DBC3A75F121D}.Debug|Any CPU.ActiveCfg = Debug|x86
		{52442E83-680F-4F0A-8299-DBC3A75F121D}.Debug|Any CPU.Build.0 = Debug|x86
		{52442E83-680F-4F0A-8299-DBC3A75F121D}.Debug|Any CPU.Deploy.0 = Debug|x86
		{52442E83-680F-4F0A-8299-DBC3A75F121D}.Debug|ARM.ActiveCfg = Debug|ARM
		{52442E83-680F-4F0A-8299-DBC3A75F121D}.Debug|ARM.Build.0 = Debug|ARM
		{52442E83-680F-4F0A-8299-DBC3A75F121D}.Debug|ARM.Deploy.0 = Debug|ARM
		{52442E83-680F-4F0A-8299-DBC3A75F121D}.Debug|iPhone.ActiveCfg = Debug|x86
		{52442E83-680F-4F0A-8299-DBC3A75F121D}.Debug|iPhone.Build.0 = Debug|x86
		{52442E83-680F-4F0A-8299-DBC3A75F121D}.Debug|iPhone.Deploy.0 = Debug|x86
		{52442E83-680F-4F0A-8299-DBC3A75F121D}.Debug|iPhoneSimulator.ActiveCfg = Debug|x86
		{52442E83-680F-4F0A-8299-DBC3A75F121D}.Debug|iPhoneSimulator.Build.0 = Debug|x86
		{52442E83-680F-4F0A-8299-DBC3A75F121D}.Debug|iPhoneSimulator.Deploy.0 = Debug|x86
		{52442E83-680F-4F0A-8299-DBC3A75F121D}.Debug|x64.ActiveCfg = Debug|x64
		{52442E83-680F-4F0A-8299-DBC3A75F121D}.Debug|x64.Build.0 = Debug|x64
		{52442E83-680F-4F0A-8299-DBC3A75F121D}.Debug|x64.Deploy.0 = Debug|x64
		{52442E83-680F-4F0A-8299-DBC3A75F121D}.Debug|x86.ActiveCfg = Debug|x86
		{52442E83-680F-4F0A-8299-DBC3A75F121D}.Debug|x86.Build.0 = Debug|x86
		{52442E83-680F-4F0A-8299-DBC3A75F121D}.Debug|x86.Deploy.0 = Debug|x86
		{52442E83-680F-4F0A-8299-DBC3A75F121D}.Release|Any CPU.ActiveCfg = Release|x86
		{52442E83-680F-4F0A-8299-DBC3A75F121D}.Release|Any CPU.Build.0 = Release|x86
		{52442E83-680F-4F0A-8299-DBC3A75F121D}.Release|Any CPU.Deploy.0 = Release|x86
		{52442E83-680F-4F0A-8299-DBC3A75F121D}.Release|ARM.ActiveCfg = Release|ARM
		{52442E83-680F-4F0A-8299-DBC3A75F121D}.Release|ARM.Build.0 = Release|ARM
		{52442E83-680F-4F0A-8299-DBC3A75F121D}.Release|ARM.Deploy.0 = Release|ARM
		{52442E83-680F-4F0A-8299-DBC3A75F121D}.Release|iPhone.ActiveCfg = Release|x86
		{52442E83-680F-4F0A-8299-DBC3A75F121D}.Release|iPhone.Build.0 = Release|x86
		{52442E83-680F-4F0A-8299-DBC3A75F121D}.Release|iPhone.Deploy.0 = Release|x86
		{52442E83-680F-4F0A-8299-DBC3A75F121D}.Release|iPhoneSimulator.ActiveCfg = Release|x86
		{52442E83-680F-4F0A-8299-DBC3A75F121D}.Release|iPhoneSimulator.Build.0 = Release|x86
		{52442E83-680F-4F0A-8299-DBC3A75F121D}.Release|iPhoneSimulator.Deploy.0 = Release|x86
		{52442E83-680F-4F0A-8299-DBC3A75F121D}.Release|x64.ActiveCfg = Release|x64
		{52442E83-680F-4F0A-8299-DBC3A75F121D}.Release|x64.Build.0 = Release|x64
		{52442E83-680F-4F0A-8299-DBC3A75F121D}.Release|x64.Deploy.0 = Release|x64
		{52442E83-680F-4F0A-8299-DBC3A75F121D}.Release|x86.ActiveCfg = Release|x86
		{52442E83-680F-4F0A-8299-DBC3A75F121D}.Release|x86.Build.0 = Release|x86
		{52442E83-680F-4F0A-8299-DBC3A75F121D}.Release|x86.Deploy.0 = Release|x86
		{23546B7D-9330-45F6-822F-4622550D4010}.Ad-Hoc|Any CPU.ActiveCfg = Debug|Any CPU
		{23546B7D-9330-45F6-822F-4622550D4010}.Ad-Hoc|Any CPU.Build.0 = Debug|Any CPU
		{23546B7D-9330-45F6-822F-4622550D4010}.Ad-Hoc|Any CPU.Deploy.0 = Debug|Any CPU
		{23546B7D-9330-45F6-822F-4622550D4010}.Ad-Hoc|ARM.ActiveCfg = Debug|Any CPU
		{23546B7D-9330-45F6-822F-4622550D4010}.Ad-Hoc|ARM.Build.0 = Debug|Any CPU
		{23546B7D-9330-45F6-822F-4622550D4010}.Ad-Hoc|ARM.Deploy.0 = Debug|Any CPU
		{23546B7D-9330-45F6-822F-4622550D4010}.Ad-Hoc|iPhone.ActiveCfg = Debug|Any CPU
		{23546B7D-9330-45F6-822F-4622550D4010}.Ad-Hoc|iPhone.Build.0 = Debug|Any CPU
		{23546B7D-9330-45F6-822F-4622550D4010}.Ad-Hoc|iPhone.Deploy.0 = Debug|Any CPU
		{23546B7D-9330-45F6-822F-4622550D4010}.Ad-Hoc|iPhoneSimulator.ActiveCfg = Debug|Any CPU
		{23546B7D-9330-45F6-822F-4622550D4010}.Ad-Hoc|iPhoneSimulator.Build.0 = Debug|Any CPU
		{23546B7D-9330-45F6-822F-4622550D4010}.Ad-Hoc|iPhoneSimulator.Deploy.0 = Debug|Any CPU
		{23546B7D-9330-45F6-822F-4622550D4010}.Ad-Hoc|x64.ActiveCfg = Debug|Any CPU
		{23546B7D-9330-45F6-822F-4622550D4010}.Ad-Hoc|x64.Build.0 = Debug|Any CPU
		{23546B7D-9330-45F6-822F-4622550D4010}.Ad-Hoc|x64.Deploy.0 = Debug|Any CPU
		{23546B7D-9330-45F6-822F-4622550D4010}.Ad-Hoc|x86.ActiveCfg = Debug|Any CPU
		{23546B7D-9330-45F6-822F-4622550D4010}.Ad-Hoc|x86.Build.0 = Debug|Any CPU
		{23546B7D-9330-45F6-822F-4622550D4010}.Ad-Hoc|x86.Deploy.0 = Debug|Any CPU
		{23546B7D-9330-45F6-822F-4622550D4010}.AppStore|Any CPU.ActiveCfg = Debug|Any CPU
		{23546B7D-9330-45F6-822F-4622550D4010}.AppStore|Any CPU.Build.0 = Debug|Any CPU
		{23546B7D-9330-45F6-822F-4622550D4010}.AppStore|Any CPU.Deploy.0 = Debug|Any CPU
		{23546B7D-9330-45F6-822F-4622550D4010}.AppStore|ARM.ActiveCfg = Debug|Any CPU
		{23546B7D-9330-45F6-822F-4622550D4010}.AppStore|ARM.Build.0 = Debug|Any CPU
		{23546B7D-9330-45F6-822F-4622550D4010}.AppStore|ARM.Deploy.0 = Debug|Any CPU
		{23546B7D-9330-45F6-822F-4622550D4010}.AppStore|iPhone.ActiveCfg = Debug|Any CPU
		{23546B7D-9330-45F6-822F-4622550D4010}.AppStore|iPhone.Build.0 = Debug|Any CPU
		{23546B7D-9330-45F6-822F-4622550D4010}.AppStore|iPhone.Deploy.0 = Debug|Any CPU
		{23546B7D-9330-45F6-822F-4622550D4010}.AppStore|iPhoneSimulator.ActiveCfg = Debug|Any CPU
		{23546B7D-9330-45F6-822F-4622550D4010}.AppStore|iPhoneSimulator.Build.0 = Debug|Any CPU
		{23546B7D-9330-45F6-822F-4622550D4010}.AppStore|iPhoneSimulator.Deploy.0 = Debug|Any CPU
		{23546B7D-9330-45F6-822F-4622550D4010}.AppStore|x64.ActiveCfg = Debug|Any CPU
		{23546B7D-9330-45F6-822F-4622550D4010}.AppStore|x64.Build.0 = Debug|Any CPU
		{23546B7D-9330-45F6-822F-4622550D4010}.AppStore|x64.Deploy.0 = Debug|Any CPU
		{23546B7D-9330-45F6-822F-4622550D4010}.AppStore|x86.ActiveCfg = Debug|Any CPU
		{23546B7D-9330-45F6-822F-4622550D4010}.AppStore|x86.Build.0 = Debug|Any CPU
		{23546B7D-9330-45F6-822F-4622550D4010}.AppStore|x86.Deploy.0 = Debug|Any CPU
		{23546B7D-9330-45F6-822F-4622550D4010}.Debug|Any CPU.ActiveCfg = Debug|Any CPU
		{23546B7D-9330-45F6-822F-4622550D4010}.Debug|Any CPU.Build.0 = Debug|Any CPU
		{23546B7D-9330-45F6-822F-4622550D4010}.Debug|Any CPU.Deploy.0 = Debug|Any CPU
		{23546B7D-9330-45F6-822F-4622550D4010}.Debug|ARM.ActiveCfg = Debug|Any CPU
		{23546B7D-9330-45F6-822F-4622550D4010}.Debug|ARM.Build.0 = Debug|Any CPU
		{23546B7D-9330-45F6-822F-4622550D4010}.Debug|ARM.Deploy.0 = Debug|Any CPU
		{23546B7D-9330-45F6-822F-4622550D4010}.Debug|iPhone.ActiveCfg = Debug|Any CPU
		{23546B7D-9330-45F6-822F-4622550D4010}.Debug|iPhone.Build.0 = Debug|Any CPU
		{23546B7D-9330-45F6-822F-4622550D4010}.Debug|iPhone.Deploy.0 = Debug|Any CPU
		{23546B7D-9330-45F6-822F-4622550D4010}.Debug|iPhoneSimulator.ActiveCfg = Debug|Any CPU
		{23546B7D-9330-45F6-822F-4622550D4010}.Debug|iPhoneSimulator.Build.0 = Debug|Any CPU
		{23546B7D-9330-45F6-822F-4622550D4010}.Debug|iPhoneSimulator.Deploy.0 = Debug|Any CPU
		{23546B7D-9330-45F6-822F-4622550D4010}.Debug|x64.ActiveCfg = Debug|Any CPU
		{23546B7D-9330-45F6-822F-4622550D4010}.Debug|x64.Build.0 = Debug|Any CPU
		{23546B7D-9330-45F6-822F-4622550D4010}.Debug|x64.Deploy.0 = Debug|Any CPU
		{23546B7D-9330-45F6-822F-4622550D4010}.Debug|x86.ActiveCfg = Debug|Any CPU
		{23546B7D-9330-45F6-822F-4622550D4010}.Debug|x86.Build.0 = Debug|Any CPU
		{23546B7D-9330-45F6-822F-4622550D4010}.Debug|x86.Deploy.0 = Debug|Any CPU
		{23546B7D-9330-45F6-822F-4622550D4010}.Release|Any CPU.ActiveCfg = Release|Any CPU
		{23546B7D-9330-45F6-822F-4622550D4010}.Release|Any CPU.Build.0 = Release|Any CPU
		{23546B7D-9330-45F6-822F-4622550D4010}.Release|Any CPU.Deploy.0 = Release|Any CPU
		{23546B7D-9330-45F6-822F-4622550D4010}.Release|ARM.ActiveCfg = Release|Any CPU
		{23546B7D-9330-45F6-822F-4622550D4010}.Release|ARM.Build.0 = Release|Any CPU
		{23546B7D-9330-45F6-822F-4622550D4010}.Release|ARM.Deploy.0 = Release|Any CPU
		{23546B7D-9330-45F6-822F-4622550D4010}.Release|iPhone.ActiveCfg = Release|Any CPU
		{23546B7D-9330-45F6-822F-4622550D4010}.Release|iPhone.Build.0 = Release|Any CPU
		{23546B7D-9330-45F6-822F-4622550D4010}.Release|iPhone.Deploy.0 = Release|Any CPU
		{23546B7D-9330-45F6-822F-4622550D4010}.Release|iPhoneSimulator.ActiveCfg = Release|Any CPU
		{23546B7D-9330-45F6-822F-4622550D4010}.Release|iPhoneSimulator.Build.0 = Release|Any CPU
		{23546B7D-9330-45F6-822F-4622550D4010}.Release|iPhoneSimulator.Deploy.0 = Release|Any CPU
		{23546B7D-9330-45F6-822F-4622550D4010}.Release|x64.ActiveCfg = Release|Any CPU
		{23546B7D-9330-45F6-822F-4622550D4010}.Release|x64.Build.0 = Release|Any CPU
		{23546B7D-9330-45F6-822F-4622550D4010}.Release|x64.Deploy.0 = Release|Any CPU
		{23546B7D-9330-45F6-822F-4622550D4010}.Release|x86.ActiveCfg = Release|Any CPU
		{23546B7D-9330-45F6-822F-4622550D4010}.Release|x86.Build.0 = Release|Any CPU
		{23546B7D-9330-45F6-822F-4622550D4010}.Release|x86.Deploy.0 = Release|Any CPU
	EndGlobalSection
	GlobalSection(SolutionProperties) = preSolution
		HideSolutionNode = FALSE
	EndGlobalSection
	GlobalSection(ExtensibilityGlobals) = postSolution
		SolutionGuid = {40CD4298-7CEE-40CB-850D-36570A582143}
	EndGlobalSection
EndGlobal
